
Microsoft Visual Studio Solution File, Format Version 12.00
# Visual Studio Version 16
VisualStudioVersion = 16.0.31005.135
MinimumVisualStudioVersion = 10.0.40219.1
Project("{FAE04EC0-301F-11D3-BF4B-00C04F79EFBC}") = "MVCDERSHANE", "MVCDERSHANE\MVCDERSHANE.csproj", "{C95B9FC0-45F3-461B-9360-6B13BCA2E163}"
EndProject
Global
	GlobalSection(SolutionConfigurationPlatforms) = preSolution
		Debug|Any CPU = Debug|Any CPU
		Release|Any CPU = Release|Any CPU
	EndGlobalSection
	GlobalSection(ProjectConfigurationPlatforms) = postSolution
		{C95B9FC0-45F3-461B-9360-6B13BCA2E163}.Debug|Any CPU.ActiveCfg = Debug|Any CPU
		{C95B9FC0-45F3-461B-9360-6B13BCA2E163}.Debug|Any CPU.Build.0 = Debug|Any CPU
		{C95B9FC0-45F3-461B-9360-6B13BCA2E163}.Release|Any CPU.ActiveCfg = Release|Any CPU
		{C95B9FC0-45F3-461B-9360-6B13BCA2E163}.Release|Any CPU.Build.0 = Release|Any CPU
	EndGlobalSection
	GlobalSection(SolutionProperties) = preSolution
		HideSolutionNode = FALSE
	EndGlobalSection
	GlobalSection(ExtensibilityGlobals) = postSolution
		SolutionGuid = {923084AC-4156-4683-BDCE-2E541A20DA1A}
	EndGlobalSection
EndGlobal
